
Microsoft Visual Studio Solution File, Format Version 12.00
# Visual Studio Version 17
VisualStudioVersion = 17.7.34024.191
MinimumVisualStudioVersion = 10.0.40219.1
Project("{8BC9CEB8-8B4A-11D0-8D11-00A0C91BC942}") = "message", "message\message.vcxproj", "{93775A51-B8B3-45E1-AC31-7D150C684EF0}"
EndProject
Global
	GlobalSection(SolutionConfigurationPlatforms) = preSolution
		Debug|x64 = Debug|x64
		Debug|x86 = Debug|x86
		Release|x64 = Release|x64
		Release|x86 = Release|x86
	EndGlobalSection
	GlobalSection(ProjectConfigurationPlatforms) = postSolution
		{93775A51-B8B3-45E1-AC31-7D150C684EF0}.Debug|x64.ActiveCfg = Debug|x64
		{93775A51-B8B3-45E1-AC31-7D150C684EF0}.Debug|x64.Build.0 = Debug|x64
		{93775A51-B8B3-45E1-AC31-7D150C684EF0}.Debug|x86.ActiveCfg = Debug|Win32
		{93775A51-B8B3-45E1-AC31-7D150C684EF0}.Debug|x86.Build.0 = Debug|Win32
		{93775A51-B8B3-45E1-AC31-7D150C684EF0}.Release|x64.ActiveCfg = Release|x64
		{93775A51-B8B3-45E1-AC31-7D150C684EF0}.Release|x64.Build.0 = Release|x64
		{93775A51-B8B3-45E1-AC31-7D150C684EF0}.Release|x86.ActiveCfg = Release|Win32
		{93775A51-B8B3-45E1-AC31-7D150C684EF0}.Release|x86.Build.0 = Release|Win32
	EndGlobalSection
	GlobalSection(SolutionProperties) = preSolution
		HideSolutionNode = FALSE
	EndGlobalSection
	GlobalSection(ExtensibilityGlobals) = postSolution
		SolutionGuid = {3DC378AF-FD07-487B-9A18-F76126014851}
	EndGlobalSection
EndGlobal
